
Microsoft Visual Studio Solution File, Format Version 12.00
# Visual Studio Version 16
VisualStudioVersion = 16.0.30413.136
MinimumVisualStudioVersion = 10.0.40219.1
Project("{9A19103F-16F7-4668-BE54-9A1E7A4F7556}") = "Shop", "Shop\Shop.csproj", "{1BAE4BC4-8478-40C7-8271-E0D50C674FEA}"
EndProject
Project("{9A19103F-16F7-4668-BE54-9A1E7A4F7556}") = "ShopTests", "ShopTests\ShopTests.csproj", "{A96FD5A0-BE87-4353-9596-1B724E7DC3FB}"
EndProject
Project("{FAE04EC0-301F-11D3-BF4B-00C04F79EFBC}") = "ShopAdministration", "ShopAdministration\ShopAdministration.csproj", "{EEB77718-8190-4FD1-A671-20E9619F1A15}"
EndProject
Global
	GlobalSection(SolutionConfigurationPlatforms) = preSolution
		Debug|Any CPU = Debug|Any CPU
		Release|Any CPU = Release|Any CPU
	EndGlobalSection
	GlobalSection(ProjectConfigurationPlatforms) = postSolution
		{1BAE4BC4-8478-40C7-8271-E0D50C674FEA}.Debug|Any CPU.ActiveCfg = Debug|Any CPU
		{1BAE4BC4-8478-40C7-8271-E0D50C674FEA}.Debug|Any CPU.Build.0 = Debug|Any CPU
		{1BAE4BC4-8478-40C7-8271-E0D50C674FEA}.Release|Any CPU.ActiveCfg = Release|Any CPU
		{1BAE4BC4-8478-40C7-8271-E0D50C674FEA}.Release|Any CPU.Build.0 = Release|Any CPU
		{A96FD5A0-BE87-4353-9596-1B724E7DC3FB}.Debug|Any CPU.ActiveCfg = Debug|Any CPU
		{A96FD5A0-BE87-4353-9596-1B724E7DC3FB}.Debug|Any CPU.Build.0 = Debug|Any CPU
		{A96FD5A0-BE87-4353-9596-1B724E7DC3FB}.Release|Any CPU.ActiveCfg = Release|Any CPU
		{A96FD5A0-BE87-4353-9596-1B724E7DC3FB}.Release|Any CPU.Build.0 = Release|Any CPU
		{EEB77718-8190-4FD1-A671-20E9619F1A15}.Debug|Any CPU.ActiveCfg = Debug|Any CPU
		{EEB77718-8190-4FD1-A671-20E9619F1A15}.Debug|Any CPU.Build.0 = Debug|Any CPU
		{EEB77718-8190-4FD1-A671-20E9619F1A15}.Release|Any CPU.ActiveCfg = Release|Any CPU
		{EEB77718-8190-4FD1-A671-20E9619F1A15}.Release|Any CPU.Build.0 = Release|Any CPU
	EndGlobalSection
	GlobalSection(SolutionProperties) = preSolution
		HideSolutionNode = FALSE
	EndGlobalSection
	GlobalSection(ExtensibilityGlobals) = postSolution
		SolutionGuid = {F8A0EDB9-5897-46E2-A393-BE7BE0EDBE38}
	EndGlobalSection
EndGlobal
